
Microsoft Visual Studio Solution File, Format Version 12.00
# Visual Studio 15
VisualStudioVersion = 15.0.28307.852
MinimumVisualStudioVersion = 10.0.40219.1
Project("{FAE04EC0-301F-11D3-BF4B-00C04F79EFBC}") = "CafeteriaWebNew", "CafeteriaWebNew\CafeteriaWebNew.csproj", "{4EAD67DA-D763-4734-8F13-59E11DDB5E2B}"
EndProject
Global
	GlobalSection(SolutionConfigurationPlatforms) = preSolution
		Debug|Any CPU = Debug|Any CPU
		Release|Any CPU = Release|Any CPU
	EndGlobalSection
	GlobalSection(ProjectConfigurationPlatforms) = postSolution
		{4EAD67DA-D763-4734-8F13-59E11DDB5E2B}.Debug|Any CPU.ActiveCfg = Debug|Any CPU
		{4EAD67DA-D763-4734-8F13-59E11DDB5E2B}.Debug|Any CPU.Build.0 = Debug|Any CPU
		{4EAD67DA-D763-4734-8F13-59E11DDB5E2B}.Release|Any CPU.ActiveCfg = Release|Any CPU
		{4EAD67DA-D763-4734-8F13-59E11DDB5E2B}.Release|Any CPU.Build.0 = Release|Any CPU
	EndGlobalSection
	GlobalSection(SolutionProperties) = preSolution
		HideSolutionNode = FALSE
	EndGlobalSection
	GlobalSection(ExtensibilityGlobals) = postSolution
		SolutionGuid = {C22ADBD6-5AA3-4F2C-9DBA-F830F87EF4AA}
	EndGlobalSection
EndGlobal
